{
  "lockfile_version": "1",
  "packages": {
    "cowsay@latest": {
      "last_modified": "2024-03-08T13:51:52Z",
      "resolved": "github:NixOS/nixpkgs/a343533bccc62400e8a9560423486a3b6c11a23b#cowsay",
      "source": "devbox-search",
      "version": "3.7.0",
      "systems": {
        "aarch64-darwin": {
          "outputs": [
            {
              "name": "out",
              "path": "/nix/store/4k5xyh64lhz5rghx6qcz55nc3fmkcqv2-cowsay-3.7.0",
              "default": true
            },
            {
              "name": "man",
              "path": "/nix/store/b7bg7h2i6xarv53z68ad9ssn29w65zm2-cowsay-3.7.0-man",
              "default": true
            }
          ],
          "store_path": "/nix/store/4k5xyh64lhz5rghx6qcz55nc3fmkcqv2-cowsay-3.7.0"
        },
        "aarch64-linux": {
          "outputs": [
            {
              "name": "out",
              "path": "/nix/store/9kbzgs3hz0y8dvg2ry5gfwll37kmyaw1-cowsay-3.7.0",
              "default": true
            },
            {
              "name": "man",
              "path": "/nix/store/7fp2hn2vb02hf2lh236f8pp9ac17cjkn-cowsay-3.7.0-man",
              "default": true
            }
          ],
          "store_path": "/nix/store/9kbzgs3hz0y8dvg2ry5gfwll37kmyaw1-cowsay-3.7.0"
        },
        "x86_64-darwin": {
          "outputs": [
            {
              "name": "out",
              "path": "/nix/store/gh15hl6ivncq99b1azsz82gky42n0903-cowsay-3.7.0",
              "default": true
            },
            {
              "name": "man",
              "path": "/nix/store/xwdi4bfnznyvagbxziig9myqf9jdn5j6-cowsay-3.7.0-man",
              "default": true
            }
          ],
          "store_path": "/nix/store/gh15hl6ivncq99b1azsz82gky42n0903-cowsay-3.7.0"
        },
        "x86_64-linux": {
          "outputs": [
            {
              "name": "out",
              "path": "/nix/store/k67mjgib9w2dzdma0cpyj2wglwz0f0qa-cowsay-3.7.0",
              "default": true
            },
            {
              "name": "man",
              "path": "/nix/store/9x6hlma9kf0gr5cff2hciy3g27g57af2-cowsay-3.7.0-man",
              "default": true
            }
          ],
          "store_path": "/nix/store/k67mjgib9w2dzdma0cpyj2wglwz0f0qa-cowsay-3.7.0"
        }
      }
    },
    "csvkit@latest": {
      "last_modified": "2024-03-16T16:57:42Z",
      "resolved": "github:NixOS/nixpkgs/d211b80d2944a41899a6ab24009d9729cca05e49#csvkit",
      "source": "devbox-search",
      "version": "1.4.0",
      "systems": {
        "aarch64-darwin": {
          "outputs": [
            {
              "name": "out",
              "path": "/nix/store/3hwd3myhknjb9d658bcg2pclnyx34jx9-csvkit-1.4.0",
              "default": true
            },
            {
              "name": "dist",
              "path": "/nix/store/gvrh0d8rk9x0na7qr54zjhvjj8vwnd0q-csvkit-1.4.0-dist"
            }
          ],
          "store_path": "/nix/store/3hwd3myhknjb9d658bcg2pclnyx34jx9-csvkit-1.4.0"
        },
        "aarch64-linux": {
          "outputs": [
            {
              "name": "out",
              "path": "/nix/store/nlg64b65g17ykbpwwgky02pp0kxgqdsa-csvkit-1.4.0",
              "default": true
            },
            {
              "name": "dist",
              "path": "/nix/store/phxzbvh48j77yc1njbws8nrlbv1qk7jn-csvkit-1.4.0-dist"
            }
          ],
          "store_path": "/nix/store/nlg64b65g17ykbpwwgky02pp0kxgqdsa-csvkit-1.4.0"
        },
        "x86_64-darwin": {
          "outputs": [
            {
              "name": "out",
              "path": "/nix/store/cx5b0zqs298ghlc122ym316928b58s8m-csvkit-1.4.0",
              "default": true
            },
            {
              "name": "dist",
              "path": "/nix/store/7x6n7z1zah3vznzxg968sz53c7palygh-csvkit-1.4.0-dist"
            }
          ],
          "store_path": "/nix/store/cx5b0zqs298ghlc122ym316928b58s8m-csvkit-1.4.0"
        },
        "x86_64-linux": {
          "outputs": [
            {
              "name": "out",
              "path": "/nix/store/6fsa9gp6jhh80w7fbwl2vk73vr0hvhv6-csvkit-1.4.0",
              "default": true
            },
            {
              "name": "dist",
              "path": "/nix/store/fq0mzqrw70dngjg4khiq6vbs3333f1fi-csvkit-1.4.0-dist"
            }
          ],
          "store_path": "/nix/store/6fsa9gp6jhh80w7fbwl2vk73vr0hvhv6-csvkit-1.4.0"
        }
      }
    },
    "cz-cli@latest": {
      "last_modified": "2024-03-16T16:57:42Z",
      "resolved": "github:NixOS/nixpkgs/d211b80d2944a41899a6ab24009d9729cca05e49#cz-cli",
      "source": "devbox-search",
      "version": "4.3.0",
      "systems": {
        "aarch64-darwin": {
          "outputs": [
            {
              "name": "out",
              "path": "/nix/store/nc3cfwfyw943z89zdp579h71454z0jz8-cz-cli-4.3.0",
              "default": true
            }
          ],
          "store_path": "/nix/store/nc3cfwfyw943z89zdp579h71454z0jz8-cz-cli-4.3.0"
        },
        "aarch64-linux": {
          "outputs": [
            {
              "name": "out",
              "path": "/nix/store/vhm5hahn7zgzjwvl6mjw8q72rwbl26s7-cz-cli-4.3.0",
              "default": true
            }
          ],
          "store_path": "/nix/store/vhm5hahn7zgzjwvl6mjw8q72rwbl26s7-cz-cli-4.3.0"
        },
        "x86_64-darwin": {
          "outputs": [
            {
              "name": "out",
              "path": "/nix/store/xbbjhgp8lc38acb4fs1vlz348yr9axfh-cz-cli-4.3.0",
              "default": true
            }
          ],
          "store_path": "/nix/store/xbbjhgp8lc38acb4fs1vlz348yr9axfh-cz-cli-4.3.0"
        },
        "x86_64-linux": {
          "outputs": [
            {
              "name": "out",
              "path": "/nix/store/awhgyfwi2w3rk51rh605djlyh44xpva1-cz-cli-4.3.0",
              "default": true
            }
          ],
          "store_path": "/nix/store/awhgyfwi2w3rk51rh605djlyh44xpva1-cz-cli-4.3.0"
        }
      }
    },
    "gitleaks@latest": {
      "last_modified": "2024-03-08T13:51:52Z",
      "resolved": "github:NixOS/nixpkgs/a343533bccc62400e8a9560423486a3b6c11a23b#gitleaks",
      "source": "devbox-search",
      "version": "8.18.2",
      "systems": {
        "aarch64-darwin": {
          "outputs": [
            {
              "name": "out",
              "path": "/nix/store/xvaq13w63f6jjqikzw5p7jqf12hx27vh-gitleaks-8.18.2",
              "default": true
            }
          ],
          "store_path": "/nix/store/xvaq13w63f6jjqikzw5p7jqf12hx27vh-gitleaks-8.18.2"
        },
        "aarch64-linux": {
          "outputs": [
            {
              "name": "out",
              "path": "/nix/store/6av0gia4y0mrp9ys6w0q17mih4ripvr0-gitleaks-8.18.2",
              "default": true
            }
          ],
          "store_path": "/nix/store/6av0gia4y0mrp9ys6w0q17mih4ripvr0-gitleaks-8.18.2"
        },
        "x86_64-darwin": {
          "outputs": [
            {
              "name": "out",
              "path": "/nix/store/p71w83k7kh3s1vhzijaai5vw72pz07i0-gitleaks-8.18.2",
              "default": true
            }
          ],
          "store_path": "/nix/store/p71w83k7kh3s1vhzijaai5vw72pz07i0-gitleaks-8.18.2"
        },
        "x86_64-linux": {
          "outputs": [
            {
              "name": "out",
              "path": "/nix/store/i8gdsrljmkmayh5bzhk85i4cizdvjg4m-gitleaks-8.18.2",
              "default": true
            }
          ],
          "store_path": "/nix/store/i8gdsrljmkmayh5bzhk85i4cizdvjg4m-gitleaks-8.18.2"
        }
      }
    },
    "lolcat@latest": {
      "last_modified": "2024-03-08T13:51:52Z",
      "resolved": "github:NixOS/nixpkgs/a343533bccc62400e8a9560423486a3b6c11a23b#lolcat",
      "source": "devbox-search",
      "version": "100.0.1",
      "systems": {
        "aarch64-darwin": {
          "outputs": [
            {
              "name": "out",
              "path": "/nix/store/8qfzfk04rsyqfwl1xcjs3ia92j31k3ch-lolcat-100.0.1",
              "default": true
            }
          ],
          "store_path": "/nix/store/8qfzfk04rsyqfwl1xcjs3ia92j31k3ch-lolcat-100.0.1"
        },
        "aarch64-linux": {
          "outputs": [
            {
              "name": "out",
              "path": "/nix/store/h9ly73zgyrjiq7xg2vqpb3cjgv1f927y-lolcat-100.0.1",
              "default": true
            }
          ],
          "store_path": "/nix/store/h9ly73zgyrjiq7xg2vqpb3cjgv1f927y-lolcat-100.0.1"
        },
        "x86_64-darwin": {
          "outputs": [
            {
              "name": "out",
              "path": "/nix/store/nxgs64djh3n66gf8i52r9zqbrprr4ybp-lolcat-100.0.1",
              "default": true
            }
          ],
          "store_path": "/nix/store/nxgs64djh3n66gf8i52r9zqbrprr4ybp-lolcat-100.0.1"
        },
        "x86_64-linux": {
          "outputs": [
            {
              "name": "out",
              "path": "/nix/store/bvwf47kyngdyk3z6vldxp5l5g9cpdfyq-lolcat-100.0.1",
              "default": true
            }
          ],
          "store_path": "/nix/store/bvwf47kyngdyk3z6vldxp5l5g9cpdfyq-lolcat-100.0.1"
        }
      }
    },
    "nodePackages.pnpm@latest": {
      "last_modified": "2024-03-08T13:51:52Z",
      "resolved": "github:NixOS/nixpkgs/a343533bccc62400e8a9560423486a3b6c11a23b#nodePackages.pnpm",
      "source": "devbox-search",
      "version": "8.15.3",
      "systems": {
        "aarch64-darwin": {
          "outputs": [
            {
              "name": "out",
              "path": "/nix/store/m9p6q42njy1k33fdzf2axqyhy8vh4vn5-pnpm-8.15.3",
              "default": true
            }
          ],
          "store_path": "/nix/store/m9p6q42njy1k33fdzf2axqyhy8vh4vn5-pnpm-8.15.3"
        },
        "aarch64-linux": {
          "outputs": [
            {
              "name": "out",
              "path": "/nix/store/war7jm6ka7afc2v8a78hlq8v9m4pg38m-pnpm-8.15.3",
              "default": true
            }
          ],
          "store_path": "/nix/store/war7jm6ka7afc2v8a78hlq8v9m4pg38m-pnpm-8.15.3"
        },
        "x86_64-darwin": {
          "outputs": [
            {
              "name": "out",
              "path": "/nix/store/3w3bs2cdqx7sivcldcf6drwrhilv511m-pnpm-8.15.3",
              "default": true
            }
          ],
          "store_path": "/nix/store/3w3bs2cdqx7sivcldcf6drwrhilv511m-pnpm-8.15.3"
        },
        "x86_64-linux": {
          "outputs": [
            {
              "name": "out",
              "path": "/nix/store/hcq09j80njlfghy65qmwhn5nq20nk8kl-pnpm-8.15.3",
              "default": true
            }
          ],
          "store_path": "/nix/store/hcq09j80njlfghy65qmwhn5nq20nk8kl-pnpm-8.15.3"
        }
      }
    },
    "pre-commit@latest": {
      "last_modified": "2024-03-17T01:03:25Z",
      "resolved": "github:NixOS/nixpkgs/299d4668ba61600311553920d9fd9c102145b2cb#pre-commit",
      "source": "devbox-search",
      "version": "3.6.2",
      "systems": {
        "aarch64-darwin": {
          "outputs": [
            {
              "name": "out",
              "path": "/nix/store/nwrn3g5v9bsrnd88v84q4q9japllx0jb-pre-commit-3.6.2",
              "default": true
            },
            {
              "name": "dist",
              "path": "/nix/store/y3r47sj7njflny4l0x0a96bk24hfh7s4-pre-commit-3.6.2-dist"
            }
          ],
          "store_path": "/nix/store/nwrn3g5v9bsrnd88v84q4q9japllx0jb-pre-commit-3.6.2"
        },
        "aarch64-linux": {
          "outputs": [
            {
              "name": "out",
              "path": "/nix/store/61bnh53x2c6laq7vd7ssr23wm85zifs6-pre-commit-3.6.2",
              "default": true
            },
            {
              "name": "dist",
              "path": "/nix/store/0rdbgni8iyzz32d24adg3rykkp4pc85m-pre-commit-3.6.2-dist"
            }
          ],
          "store_path": "/nix/store/61bnh53x2c6laq7vd7ssr23wm85zifs6-pre-commit-3.6.2"
        },
        "x86_64-darwin": {
          "outputs": [
            {
              "name": "out",
              "path": "/nix/store/dpimv11qs1l3yyzb5nj94p2inpn35yj7-pre-commit-3.6.2",
              "default": true
            },
            {
              "name": "dist",
              "path": "/nix/store/y1sav86i99mz03dp988lf1yxgcsdbff1-pre-commit-3.6.2-dist"
            }
          ],
          "store_path": "/nix/store/dpimv11qs1l3yyzb5nj94p2inpn35yj7-pre-commit-3.6.2"
        },
        "x86_64-linux": {
          "outputs": [
            {
              "name": "out",
              "path": "/nix/store/1n78gswil3nq9fdrff4rb2li4y45y5w4-pre-commit-3.6.2",
              "default": true
            },
            {
              "name": "dist",
              "path": "/nix/store/ljfxnyrk6l9wpq2n5x79asgcw4pj7ay7-pre-commit-3.6.2-dist"
            }
          ],
          "store_path": "/nix/store/1n78gswil3nq9fdrff4rb2li4y45y5w4-pre-commit-3.6.2"
        }
      }
    },
    "python312Packages.mkdocs-material@latest": {
      "last_modified": "2024-03-08T13:51:52Z",
      "resolved": "github:NixOS/nixpkgs/a343533bccc62400e8a9560423486a3b6c11a23b#python312Packages.mkdocs-material",
      "source": "devbox-search",
      "version": "9.5.13",
      "systems": {
        "aarch64-darwin": {
          "outputs": [
            {
              "name": "out",
              "path": "/nix/store/pfkczvwqzjsgaw1pn3lzj13pc60j8k97-python3.12-mkdocs-material-9.5.13",
              "default": true
            },
            {
              "name": "dist",
              "path": "/nix/store/4j6r91i5rjlasbh9s1k0x4f10yvnsq7l-python3.12-mkdocs-material-9.5.13-dist"
            }
          ],
          "store_path": "/nix/store/pfkczvwqzjsgaw1pn3lzj13pc60j8k97-python3.12-mkdocs-material-9.5.13"
        },
        "aarch64-linux": {
          "outputs": [
            {
              "name": "out",
              "path": "/nix/store/wmv6lp164pr0q5ajpkc0gz2pmkf4szmh-python3.12-mkdocs-material-9.5.13",
              "default": true
            },
            {
              "name": "dist",
              "path": "/nix/store/jcj989s23yj840kgvhdhk7cybyav2m2k-python3.12-mkdocs-material-9.5.13-dist"
            }
          ],
          "store_path": "/nix/store/wmv6lp164pr0q5ajpkc0gz2pmkf4szmh-python3.12-mkdocs-material-9.5.13"
        },
        "x86_64-darwin": {
          "outputs": [
            {
              "name": "out",
              "path": "/nix/store/fin0q6pnslbyzmav0wlgl3a67ii7vi42-python3.12-mkdocs-material-9.5.13",
              "default": true
            },
            {
              "name": "dist",
              "path": "/nix/store/599h5qwd24lgnz9fdrl9vgs980naanq9-python3.12-mkdocs-material-9.5.13-dist"
            }
          ],
          "store_path": "/nix/store/fin0q6pnslbyzmav0wlgl3a67ii7vi42-python3.12-mkdocs-material-9.5.13"
        },
        "x86_64-linux": {
          "outputs": [
            {
              "name": "out",
              "path": "/nix/store/qjwqi819m5h55ldjv78hcpcy4pqwg98c-python3.12-mkdocs-material-9.5.13",
              "default": true
            },
            {
              "name": "dist",
              "path": "/nix/store/a4al3gqxh8ri7l60zl2npf14ypqygsgy-python3.12-mkdocs-material-9.5.13-dist"
            }
          ],
          "store_path": "/nix/store/qjwqi819m5h55ldjv78hcpcy4pqwg98c-python3.12-mkdocs-material-9.5.13"
        }
      }
    }
  }
}
