{
  "lockfile_version": "1",
  "packages": {
    "pre-commit@latest": {
      "last_modified": "2024-03-17T01:03:25Z",
      "resolved": "github:NixOS/nixpkgs/299d4668ba61600311553920d9fd9c102145b2cb#pre-commit",
      "source": "devbox-search",
      "version": "3.6.2",
      "systems": {
        "aarch64-darwin": {
          "outputs": [
            {
              "name": "out",
              "path": "/nix/store/nwrn3g5v9bsrnd88v84q4q9japllx0jb-pre-commit-3.6.2",
              "default": true
            },
            {
              "name": "dist",
              "path": "/nix/store/y3r47sj7njflny4l0x0a96bk24hfh7s4-pre-commit-3.6.2-dist"
            }
          ],
          "store_path": "/nix/store/nwrn3g5v9bsrnd88v84q4q9japllx0jb-pre-commit-3.6.2"
        },
        "aarch64-linux": {
          "outputs": [
            {
              "name": "out",
              "path": "/nix/store/61bnh53x2c6laq7vd7ssr23wm85zifs6-pre-commit-3.6.2",
              "default": true
            },
            {
              "name": "dist",
              "path": "/nix/store/0rdbgni8iyzz32d24adg3rykkp4pc85m-pre-commit-3.6.2-dist"
            }
          ],
          "store_path": "/nix/store/61bnh53x2c6laq7vd7ssr23wm85zifs6-pre-commit-3.6.2"
        },
        "x86_64-darwin": {
          "outputs": [
            {
              "name": "out",
              "path": "/nix/store/dpimv11qs1l3yyzb5nj94p2inpn35yj7-pre-commit-3.6.2",
              "default": true
            },
            {
              "name": "dist",
              "path": "/nix/store/y1sav86i99mz03dp988lf1yxgcsdbff1-pre-commit-3.6.2-dist"
            }
          ],
          "store_path": "/nix/store/dpimv11qs1l3yyzb5nj94p2inpn35yj7-pre-commit-3.6.2"
        },
        "x86_64-linux": {
          "outputs": [
            {
              "name": "out",
              "path": "/nix/store/1n78gswil3nq9fdrff4rb2li4y45y5w4-pre-commit-3.6.2",
              "default": true
            },
            {
              "name": "dist",
              "path": "/nix/store/ljfxnyrk6l9wpq2n5x79asgcw4pj7ay7-pre-commit-3.6.2-dist"
            }
          ],
          "store_path": "/nix/store/1n78gswil3nq9fdrff4rb2li4y45y5w4-pre-commit-3.6.2"
        }
      }
    },
    "python312Packages.mkdocs-material@latest": {
      "last_modified": "2024-03-08T13:51:52Z",
      "resolved": "github:NixOS/nixpkgs/a343533bccc62400e8a9560423486a3b6c11a23b#python312Packages.mkdocs-material",
      "source": "devbox-search",
      "version": "9.5.13",
      "systems": {
        "aarch64-darwin": {
          "outputs": [
            {
              "name": "out",
              "path": "/nix/store/pfkczvwqzjsgaw1pn3lzj13pc60j8k97-python3.12-mkdocs-material-9.5.13",
              "default": true
            },
            {
              "name": "dist",
              "path": "/nix/store/4j6r91i5rjlasbh9s1k0x4f10yvnsq7l-python3.12-mkdocs-material-9.5.13-dist"
            }
          ],
          "store_path": "/nix/store/pfkczvwqzjsgaw1pn3lzj13pc60j8k97-python3.12-mkdocs-material-9.5.13"
        },
        "aarch64-linux": {
          "outputs": [
            {
              "name": "out",
              "path": "/nix/store/wmv6lp164pr0q5ajpkc0gz2pmkf4szmh-python3.12-mkdocs-material-9.5.13",
              "default": true
            },
            {
              "name": "dist",
              "path": "/nix/store/jcj989s23yj840kgvhdhk7cybyav2m2k-python3.12-mkdocs-material-9.5.13-dist"
            }
          ],
          "store_path": "/nix/store/wmv6lp164pr0q5ajpkc0gz2pmkf4szmh-python3.12-mkdocs-material-9.5.13"
        },
        "x86_64-darwin": {
          "outputs": [
            {
              "name": "out",
              "path": "/nix/store/fin0q6pnslbyzmav0wlgl3a67ii7vi42-python3.12-mkdocs-material-9.5.13",
              "default": true
            },
            {
              "name": "dist",
              "path": "/nix/store/599h5qwd24lgnz9fdrl9vgs980naanq9-python3.12-mkdocs-material-9.5.13-dist"
            }
          ],
          "store_path": "/nix/store/fin0q6pnslbyzmav0wlgl3a67ii7vi42-python3.12-mkdocs-material-9.5.13"
        },
        "x86_64-linux": {
          "outputs": [
            {
              "name": "out",
              "path": "/nix/store/qjwqi819m5h55ldjv78hcpcy4pqwg98c-python3.12-mkdocs-material-9.5.13",
              "default": true
            },
            {
              "name": "dist",
              "path": "/nix/store/a4al3gqxh8ri7l60zl2npf14ypqygsgy-python3.12-mkdocs-material-9.5.13-dist"
            }
          ],
          "store_path": "/nix/store/qjwqi819m5h55ldjv78hcpcy4pqwg98c-python3.12-mkdocs-material-9.5.13"
        }
      }
    }
  }
}
